// !$*UTF8*$!
{
	archiveVersion = 1;
	classes = {
	};
	objectVersion = 56;
	objects = {

/* Begin PBXBuildFile section */
		9C98622429C52DED8AE83733 /* Pods_market.framework in Frameworks */ = {isa = PBXBuildFile; fileRef = F28EC4E7303736D5AA7FE6BF /* Pods_market.framework */; };
		C201C72B2B293B3800C9442E /* ImageSlideVC.swift in Sources */ = {isa = PBXBuildFile; fileRef = C201C72A2B293B3800C9442E /* ImageSlideVC.swift */; };
		C20D37C02AFB22DD00E8B7B0 /* ReGoodsTC.swift in Sources */ = {isa = PBXBuildFile; fileRef = C20D37BF2AFB22DD00E8B7B0 /* ReGoodsTC.swift */; };
		C2155CD82AF0F59A008B21F2 /* ReMainTBC.swift in Sources */ = {isa = PBXBuildFile; fileRef = C2155CD72AF0F59A008B21F2 /* ReMainTBC.swift */; };
		C2155CDA2AF0F612008B21F2 /* ReHomeVC.swift in Sources */ = {isa = PBXBuildFile; fileRef = C2155CD92AF0F612008B21F2 /* ReHomeVC.swift */; };
		C21E2FFE2B285D5100FE2A16 /* MemberVC.swift in Sources */ = {isa = PBXBuildFile; fileRef = C21E2FFD2B285D5100FE2A16 /* MemberVC.swift */; };
		C226F3462AF33453004DA6C8 /* UIGradientView.swift in Sources */ = {isa = PBXBuildFile; fileRef = C226F3452AF33452004DA6C8 /* UIGradientView.swift */; };
		C226F34A2AF3361A004DA6C8 /* Cafe24SsurroundBold.otf in Resources */ = {isa = PBXBuildFile; fileRef = C226F3482AF3361A004DA6C8 /* Cafe24SsurroundBold.otf */; };
		C226F34B2AF3361A004DA6C8 /* Cafe24SsurroundMedium.otf in Resources */ = {isa = PBXBuildFile; fileRef = C226F3492AF3361A004DA6C8 /* Cafe24SsurroundMedium.otf */; };
		C22A0E1B2AE75DE100F73F7A /* s_device.swift in Sources */ = {isa = PBXBuildFile; fileRef = C22A0E1A2AE75DE100F73F7A /* s_device.swift */; };
		C22A0E1D2AE7A89D00F73F7A /* s_time.swift in Sources */ = {isa = PBXBuildFile; fileRef = C22A0E1C2AE7A89D00F73F7A /* s_time.swift */; };
		C22A0E1F2AE7AEB900F73F7A /* SignUpRegisterVC.swift in Sources */ = {isa = PBXBuildFile; fileRef = C22A0E1E2AE7AEB900F73F7A /* SignUpRegisterVC.swift */; };
		C22A0E212AE7BA9300F73F7A /* s_mimetype.swift in Sources */ = {isa = PBXBuildFile; fileRef = C22A0E202AE7BA9300F73F7A /* s_mimetype.swift */; };
		C22B09482AE60875005C50A7 /* ChineseBankListVC.swift in Sources */ = {isa = PBXBuildFile; fileRef = C22B09472AE60875005C50A7 /* ChineseBankListVC.swift */; };
		C22B91FA2AFF586B0092ACD0 /* ReGoodsDetailVC.swift in Sources */ = {isa = PBXBuildFile; fileRef = C22B91F92AFF586B0092ACD0 /* ReGoodsDetailVC.swift */; };
		C22D641E2B183EF900A160F3 /* ReBookMarkVC.swift in Sources */ = {isa = PBXBuildFile; fileRef = C22D641D2B183EF900A160F3 /* ReBookMarkVC.swift */; };
		C241796E2B0B47B5006497DF /* ReStoreVisitVC.swift in Sources */ = {isa = PBXBuildFile; fileRef = C241796D2B0B47B5006497DF /* ReStoreVisitVC.swift */; };
		C24AA5C02B3044230061B490 /* ReLiquidateDetailVC.swift in Sources */ = {isa = PBXBuildFile; fileRef = C24AA5BF2B3044230061B490 /* ReLiquidateDetailVC.swift */; };
		C24AF1582B200A710032EC04 /* Localizable.strings in Resources */ = {isa = PBXBuildFile; fileRef = C24AF15A2B200A710032EC04 /* Localizable.strings */; };
		C24E443B2AFC64D500885BBB /* CategoryVC.swift in Sources */ = {isa = PBXBuildFile; fileRef = C24E443A2AFC64D500885BBB /* CategoryVC.swift */; };
		C25B23692AE0D0CA00AA3A30 /* s_regularExpression.swift in Sources */ = {isa = PBXBuildFile; fileRef = C25B23682AE0D0CA00AA3A30 /* s_regularExpression.swift */; };
		C25FF24F2AFFD2F20026BB82 /* ReGoodsOptionVC.swift in Sources */ = {isa = PBXBuildFile; fileRef = C25FF24E2AFFD2F20026BB82 /* ReGoodsOptionVC.swift */; };
		C2682ECA2AD77C5000FC6099 /* AppDelegate.swift in Sources */ = {isa = PBXBuildFile; fileRef = C2682EC92AD77C5000FC6099 /* AppDelegate.swift */; };
		C2682ED12AD77C5000FC6099 /* Main.storyboard in Resources */ = {isa = PBXBuildFile; fileRef = C2682ECF2AD77C5000FC6099 /* Main.storyboard */; };
		C2682ED32AD77C5100FC6099 /* Assets.xcassets in Resources */ = {isa = PBXBuildFile; fileRef = C2682ED22AD77C5100FC6099 /* Assets.xcassets */; };
		C268DFC82B283C08001068B3 /* AccountVC.swift in Sources */ = {isa = PBXBuildFile; fileRef = C268DFC72B283C08001068B3 /* AccountVC.swift */; };
		C268DFCA2B283CE3001068B3 /* StoreVC.swift in Sources */ = {isa = PBXBuildFile; fileRef = C268DFC92B283CE3001068B3 /* StoreVC.swift */; };
		C2764FF92B3270F3000AC23D /* SafariViewController.swift in Sources */ = {isa = PBXBuildFile; fileRef = C2764FF82B3270F3000AC23D /* SafariViewController.swift */; };
		C278133E2B2A9556005521FD /* ReLiquidateVC.swift in Sources */ = {isa = PBXBuildFile; fileRef = C278133D2B2A9556005521FD /* ReLiquidateVC.swift */; };
		C27DD9DA2ADE149400997D7D /* s_text.swift in Sources */ = {isa = PBXBuildFile; fileRef = C27DD9D92ADE149400997D7D /* s_text.swift */; };
		C27DD9DC2ADE2CDE00997D7D /* s_keyboard.swift in Sources */ = {isa = PBXBuildFile; fileRef = C27DD9DB2ADE2CDE00997D7D /* s_keyboard.swift */; };
		C290705B2B05A0740097AA74 /* RestApiPost.swift in Sources */ = {isa = PBXBuildFile; fileRef = C290705A2B05A0740097AA74 /* RestApiPost.swift */; };
		C290705E2B05A9F60097AA74 /* ReBasketVC.swift in Sources */ = {isa = PBXBuildFile; fileRef = C290705D2B05A9F60097AA74 /* ReBasketVC.swift */; };
		C29292C22B2754CF00DBC9D3 /* ReGoodsFilterVC.swift in Sources */ = {isa = PBXBuildFile; fileRef = C29292C12B2754CF00DBC9D3 /* ReGoodsFilterVC.swift */; };
		C299D3562B01FC3B006FAD09 /* ReMyPageVC.swift in Sources */ = {isa = PBXBuildFile; fileRef = C299D3552B01FC3B006FAD09 /* ReMyPageVC.swift */; };
		C2A0F7D82B24B649007442A3 /* WhGoodsTop30VC.swift in Sources */ = {isa = PBXBuildFile; fileRef = C2A0F7D72B24B649007442A3 /* WhGoodsTop30VC.swift */; };
		C2A654122AFB1E16009BE424 /* ReGoodsVC.swift in Sources */ = {isa = PBXBuildFile; fileRef = C2A654112AFB1E16009BE424 /* ReGoodsVC.swift */; };
		C2AFF0062B0DA3270014C209 /* WhGoodsUploadVC.swift in Sources */ = {isa = PBXBuildFile; fileRef = C2AFF0052B0DA3270014C209 /* WhGoodsUploadVC.swift */; };
		C2B23BF22B0C38C900C7DA5D /* WhHomeVC.swift in Sources */ = {isa = PBXBuildFile; fileRef = C2B23BF12B0C38C900C7DA5D /* WhHomeVC.swift */; };
		C2B2895F2B1735C90078EC6E /* WhWaitingVC.swift in Sources */ = {isa = PBXBuildFile; fileRef = C2B2895E2B1735C90078EC6E /* WhWaitingVC.swift */; };
		C2B8A8DE2ADF725300BDD470 /* SplashVC.swift in Sources */ = {isa = PBXBuildFile; fileRef = C2B8A8DD2ADF725300BDD470 /* SplashVC.swift */; };
		C2BB21802B24C72900DE99ED /* EmployeeVC.swift in Sources */ = {isa = PBXBuildFile; fileRef = C2BB217F2B24C72900DE99ED /* EmployeeVC.swift */; };
		C2BF864A2ADF970100A858A4 /* ChoiceStoreVC.swift in Sources */ = {isa = PBXBuildFile; fileRef = C2BF86492ADF970100A858A4 /* ChoiceStoreVC.swift */; };
		C2BF864C2ADFA25E00A858A4 /* s_image.swift in Sources */ = {isa = PBXBuildFile; fileRef = C2BF864B2ADFA25E00A858A4 /* s_image.swift */; };
		C2BF864E2ADFA3C500A858A4 /* SignUpMemberVC.swift in Sources */ = {isa = PBXBuildFile; fileRef = C2BF864D2ADFA3C400A858A4 /* SignUpMemberVC.swift */; };
		C2BF86502ADFA3CE00A858A4 /* SignUpStoreVC.swift in Sources */ = {isa = PBXBuildFile; fileRef = C2BF864F2ADFA3CE00A858A4 /* SignUpStoreVC.swift */; };
		C2BF86522ADFA4B000A858A4 /* SearchStoreVC.swift in Sources */ = {isa = PBXBuildFile; fileRef = C2BF86512ADFA4B000A858A4 /* SearchStoreVC.swift */; };
		C2C971D92ADCD09600827DA0 /* s_vcNavigate.swift in Sources */ = {isa = PBXBuildFile; fileRef = C2C971D82ADCD09600827DA0 /* s_vcNavigate.swift */; };
		C2C971DB2ADCD0AA00827DA0 /* s_vcDelegate.swift in Sources */ = {isa = PBXBuildFile; fileRef = C2C971DA2ADCD0AA00827DA0 /* s_vcDelegate.swift */; };
		C2C971DD2ADCD0E100827DA0 /* s_noticeAlert.swift in Sources */ = {isa = PBXBuildFile; fileRef = C2C971DC2ADCD0E100827DA0 /* s_noticeAlert.swift */; };
		C2C971E22ADD067200827DA0 /* UICustomSegmentedControl.swift in Sources */ = {isa = PBXBuildFile; fileRef = C2C971DF2ADD067200827DA0 /* UICustomSegmentedControl.swift */; };
		C2C971E32ADD067200827DA0 /* UIBaseView.swift in Sources */ = {isa = PBXBuildFile; fileRef = C2C971E02ADD067200827DA0 /* UIBaseView.swift */; };
		C2C971E42ADD067200827DA0 /* UISegmentedControlView.swift in Sources */ = {isa = PBXBuildFile; fileRef = C2C971E12ADD067200827DA0 /* UISegmentedControlView.swift */; };
		C2C971E62ADD1B3000827DA0 /* SignInVC.swift in Sources */ = {isa = PBXBuildFile; fileRef = C2C971E52ADD1B3000827DA0 /* SignInVC.swift */; };
		C2C971E82ADD1B9400827DA0 /* s_base.swift in Sources */ = {isa = PBXBuildFile; fileRef = C2C971E72ADD1B9400827DA0 /* s_base.swift */; };
		C2C971EB2ADD1C5600827DA0 /* RestApiObject.swift in Sources */ = {isa = PBXBuildFile; fileRef = C2C971EA2ADD1C5600827DA0 /* RestApiObject.swift */; };
		C2C971ED2ADD1F6600827DA0 /* s_color.swift in Sources */ = {isa = PBXBuildFile; fileRef = C2C971EC2ADD1F6600827DA0 /* s_color.swift */; };
		C2CF3BAF2B22FDF700843DEA /* WhGoodsDetailVC.swift in Sources */ = {isa = PBXBuildFile; fileRef = C2CF3BAE2B22FDF700843DEA /* WhGoodsDetailVC.swift */; };
		C2DF32D62AE18422002732F0 /* GoogleService-Info.plist in Resources */ = {isa = PBXBuildFile; fileRef = C2DF32D52AE18422002732F0 /* GoogleService-Info.plist */; };
		C2E547F12B1D639C00A19EAF /* WhGoodsUploadTC.swift in Sources */ = {isa = PBXBuildFile; fileRef = C2E547F02B1D639C00A19EAF /* WhGoodsUploadTC.swift */; };
/* End PBXBuildFile section */

/* Begin PBXFileReference section */
		3B14B2DB482A80A53873B165 /* Pods-market.release.xcconfig */ = {isa = PBXFileReference; includeInIndex = 1; lastKnownFileType = text.xcconfig; name = "Pods-market.release.xcconfig"; path = "Target Support Files/Pods-market/Pods-market.release.xcconfig"; sourceTree = "<group>"; };
		C201C72A2B293B3800C9442E /* ImageSlideVC.swift */ = {isa = PBXFileReference; lastKnownFileType = sourcecode.swift; path = ImageSlideVC.swift; sourceTree = "<group>"; };
		C20D37BF2AFB22DD00E8B7B0 /* ReGoodsTC.swift */ = {isa = PBXFileReference; fileEncoding = 4; lastKnownFileType = sourcecode.swift; path = ReGoodsTC.swift; sourceTree = "<group>"; };
		C2155CD72AF0F59A008B21F2 /* ReMainTBC.swift */ = {isa = PBXFileReference; lastKnownFileType = sourcecode.swift; path = ReMainTBC.swift; sourceTree = "<group>"; };
		C2155CD92AF0F612008B21F2 /* ReHomeVC.swift */ = {isa = PBXFileReference; lastKnownFileType = sourcecode.swift; path = ReHomeVC.swift; sourceTree = "<group>"; };
		C21E2FFD2B285D5100FE2A16 /* MemberVC.swift */ = {isa = PBXFileReference; lastKnownFileType = sourcecode.swift; path = MemberVC.swift; sourceTree = "<group>"; };
		C226F3452AF33452004DA6C8 /* UIGradientView.swift */ = {isa = PBXFileReference; fileEncoding = 4; lastKnownFileType = sourcecode.swift; path = UIGradientView.swift; sourceTree = "<group>"; };
		C226F3482AF3361A004DA6C8 /* Cafe24SsurroundBold.otf */ = {isa = PBXFileReference; lastKnownFileType = file; path = Cafe24SsurroundBold.otf; sourceTree = "<group>"; };
		C226F3492AF3361A004DA6C8 /* Cafe24SsurroundMedium.otf */ = {isa = PBXFileReference; lastKnownFileType = file; path = Cafe24SsurroundMedium.otf; sourceTree = "<group>"; };
		C22A0E1A2AE75DE100F73F7A /* s_device.swift */ = {isa = PBXFileReference; lastKnownFileType = sourcecode.swift; path = s_device.swift; sourceTree = "<group>"; };
		C22A0E1C2AE7A89D00F73F7A /* s_time.swift */ = {isa = PBXFileReference; lastKnownFileType = sourcecode.swift; path = s_time.swift; sourceTree = "<group>"; };
		C22A0E1E2AE7AEB900F73F7A /* SignUpRegisterVC.swift */ = {isa = PBXFileReference; lastKnownFileType = sourcecode.swift; path = SignUpRegisterVC.swift; sourceTree = "<group>"; };
		C22A0E202AE7BA9300F73F7A /* s_mimetype.swift */ = {isa = PBXFileReference; lastKnownFileType = sourcecode.swift; path = s_mimetype.swift; sourceTree = "<group>"; };
		C22B09472AE60875005C50A7 /* ChineseBankListVC.swift */ = {isa = PBXFileReference; lastKnownFileType = sourcecode.swift; path = ChineseBankListVC.swift; sourceTree = "<group>"; };
		C22B91F92AFF586B0092ACD0 /* ReGoodsDetailVC.swift */ = {isa = PBXFileReference; lastKnownFileType = sourcecode.swift; path = ReGoodsDetailVC.swift; sourceTree = "<group>"; };
		C22D641D2B183EF900A160F3 /* ReBookMarkVC.swift */ = {isa = PBXFileReference; lastKnownFileType = sourcecode.swift; path = ReBookMarkVC.swift; sourceTree = "<group>"; };
		C241796D2B0B47B5006497DF /* ReStoreVisitVC.swift */ = {isa = PBXFileReference; lastKnownFileType = sourcecode.swift; path = ReStoreVisitVC.swift; sourceTree = "<group>"; };
		C24AA5BF2B3044230061B490 /* ReLiquidateDetailVC.swift */ = {isa = PBXFileReference; lastKnownFileType = sourcecode.swift; path = ReLiquidateDetailVC.swift; sourceTree = "<group>"; };
		C24AF1592B200A710032EC04 /* en */ = {isa = PBXFileReference; lastKnownFileType = text.plist.strings; name = en; path = en.lproj/Localizable.strings; sourceTree = "<group>"; };
		C24AF15B2B200A900032EC04 /* ko */ = {isa = PBXFileReference; lastKnownFileType = text.plist.strings; name = ko; path = ko.lproj/Localizable.strings; sourceTree = "<group>"; };
		C24AF15C2B200BD30032EC04 /* zh-Hans */ = {isa = PBXFileReference; lastKnownFileType = text.plist.strings; name = "zh-Hans"; path = "zh-Hans.lproj/Localizable.strings"; sourceTree = "<group>"; };
		C24E443A2AFC64D500885BBB /* CategoryVC.swift */ = {isa = PBXFileReference; lastKnownFileType = sourcecode.swift; path = CategoryVC.swift; sourceTree = "<group>"; };
		C25B23682AE0D0CA00AA3A30 /* s_regularExpression.swift */ = {isa = PBXFileReference; lastKnownFileType = sourcecode.swift; path = s_regularExpression.swift; sourceTree = "<group>"; };
		C25FF24E2AFFD2F20026BB82 /* ReGoodsOptionVC.swift */ = {isa = PBXFileReference; lastKnownFileType = sourcecode.swift; path = ReGoodsOptionVC.swift; sourceTree = "<group>"; };
		C2682EC62AD77C5000FC6099 /* market.app */ = {isa = PBXFileReference; explicitFileType = wrapper.application; includeInIndex = 0; path = market.app; sourceTree = BUILT_PRODUCTS_DIR; };
		C2682EC92AD77C5000FC6099 /* AppDelegate.swift */ = {isa = PBXFileReference; lastKnownFileType = sourcecode.swift; path = AppDelegate.swift; sourceTree = "<group>"; };
		C2682ED02AD77C5000FC6099 /* Base */ = {isa = PBXFileReference; lastKnownFileType = file.storyboard; name = Base; path = Base.lproj/Main.storyboard; sourceTree = "<group>"; };
		C2682ED22AD77C5100FC6099 /* Assets.xcassets */ = {isa = PBXFileReference; lastKnownFileType = folder.assetcatalog; path = Assets.xcassets; sourceTree = "<group>"; };
		C2682ED72AD77C5100FC6099 /* Info.plist */ = {isa = PBXFileReference; lastKnownFileType = text.plist.xml; path = Info.plist; sourceTree = "<group>"; };
		C268DFC72B283C08001068B3 /* AccountVC.swift */ = {isa = PBXFileReference; lastKnownFileType = sourcecode.swift; path = AccountVC.swift; sourceTree = "<group>"; };
		C268DFC92B283CE3001068B3 /* StoreVC.swift */ = {isa = PBXFileReference; lastKnownFileType = sourcecode.swift; path = StoreVC.swift; sourceTree = "<group>"; };
		C2764FF82B3270F3000AC23D /* SafariViewController.swift */ = {isa = PBXFileReference; lastKnownFileType = sourcecode.swift; path = SafariViewController.swift; sourceTree = "<group>"; };
		C278133D2B2A9556005521FD /* ReLiquidateVC.swift */ = {isa = PBXFileReference; lastKnownFileType = sourcecode.swift; path = ReLiquidateVC.swift; sourceTree = "<group>"; };
		C27DD9D92ADE149400997D7D /* s_text.swift */ = {isa = PBXFileReference; fileEncoding = 4; lastKnownFileType = sourcecode.swift; path = s_text.swift; sourceTree = "<group>"; };
		C27DD9DB2ADE2CDE00997D7D /* s_keyboard.swift */ = {isa = PBXFileReference; fileEncoding = 4; lastKnownFileType = sourcecode.swift; path = s_keyboard.swift; sourceTree = "<group>"; };
		C290705A2B05A0740097AA74 /* RestApiPost.swift */ = {isa = PBXFileReference; lastKnownFileType = sourcecode.swift; path = RestApiPost.swift; sourceTree = "<group>"; };
		C290705D2B05A9F60097AA74 /* ReBasketVC.swift */ = {isa = PBXFileReference; lastKnownFileType = sourcecode.swift; path = ReBasketVC.swift; sourceTree = "<group>"; };
		C29292C12B2754CF00DBC9D3 /* ReGoodsFilterVC.swift */ = {isa = PBXFileReference; lastKnownFileType = sourcecode.swift; path = ReGoodsFilterVC.swift; sourceTree = "<group>"; };
		C299D3552B01FC3B006FAD09 /* ReMyPageVC.swift */ = {isa = PBXFileReference; lastKnownFileType = sourcecode.swift; path = ReMyPageVC.swift; sourceTree = "<group>"; };
		C2A0F7D72B24B649007442A3 /* WhGoodsTop30VC.swift */ = {isa = PBXFileReference; lastKnownFileType = sourcecode.swift; path = WhGoodsTop30VC.swift; sourceTree = "<group>"; };
		C2A654112AFB1E16009BE424 /* ReGoodsVC.swift */ = {isa = PBXFileReference; lastKnownFileType = sourcecode.swift; path = ReGoodsVC.swift; sourceTree = "<group>"; };
		C2AFF0052B0DA3270014C209 /* WhGoodsUploadVC.swift */ = {isa = PBXFileReference; lastKnownFileType = sourcecode.swift; path = WhGoodsUploadVC.swift; sourceTree = "<group>"; };
		C2B23BF12B0C38C900C7DA5D /* WhHomeVC.swift */ = {isa = PBXFileReference; lastKnownFileType = sourcecode.swift; path = WhHomeVC.swift; sourceTree = "<group>"; };
		C2B2895E2B1735C90078EC6E /* WhWaitingVC.swift */ = {isa = PBXFileReference; lastKnownFileType = sourcecode.swift; path = WhWaitingVC.swift; sourceTree = "<group>"; };
		C2B8A8DD2ADF725300BDD470 /* SplashVC.swift */ = {isa = PBXFileReference; lastKnownFileType = sourcecode.swift; path = SplashVC.swift; sourceTree = "<group>"; };
		C2BB217F2B24C72900DE99ED /* EmployeeVC.swift */ = {isa = PBXFileReference; lastKnownFileType = sourcecode.swift; path = EmployeeVC.swift; sourceTree = "<group>"; };
		C2BF86492ADF970100A858A4 /* ChoiceStoreVC.swift */ = {isa = PBXFileReference; lastKnownFileType = sourcecode.swift; path = ChoiceStoreVC.swift; sourceTree = "<group>"; };
		C2BF864B2ADFA25E00A858A4 /* s_image.swift */ = {isa = PBXFileReference; lastKnownFileType = sourcecode.swift; path = s_image.swift; sourceTree = "<group>"; };
		C2BF864D2ADFA3C400A858A4 /* SignUpMemberVC.swift */ = {isa = PBXFileReference; lastKnownFileType = sourcecode.swift; path = SignUpMemberVC.swift; sourceTree = "<group>"; };
		C2BF864F2ADFA3CE00A858A4 /* SignUpStoreVC.swift */ = {isa = PBXFileReference; lastKnownFileType = sourcecode.swift; path = SignUpStoreVC.swift; sourceTree = "<group>"; };
		C2BF86512ADFA4B000A858A4 /* SearchStoreVC.swift */ = {isa = PBXFileReference; lastKnownFileType = sourcecode.swift; path = SearchStoreVC.swift; sourceTree = "<group>"; };
		C2C971D82ADCD09600827DA0 /* s_vcNavigate.swift */ = {isa = PBXFileReference; lastKnownFileType = sourcecode.swift; path = s_vcNavigate.swift; sourceTree = "<group>"; };
		C2C971DA2ADCD0AA00827DA0 /* s_vcDelegate.swift */ = {isa = PBXFileReference; lastKnownFileType = sourcecode.swift; path = s_vcDelegate.swift; sourceTree = "<group>"; };
		C2C971DC2ADCD0E100827DA0 /* s_noticeAlert.swift */ = {isa = PBXFileReference; lastKnownFileType = sourcecode.swift; path = s_noticeAlert.swift; sourceTree = "<group>"; };
		C2C971DF2ADD067200827DA0 /* UICustomSegmentedControl.swift */ = {isa = PBXFileReference; fileEncoding = 4; lastKnownFileType = sourcecode.swift; path = UICustomSegmentedControl.swift; sourceTree = "<group>"; };
		C2C971E02ADD067200827DA0 /* UIBaseView.swift */ = {isa = PBXFileReference; fileEncoding = 4; lastKnownFileType = sourcecode.swift; path = UIBaseView.swift; sourceTree = "<group>"; };
		C2C971E12ADD067200827DA0 /* UISegmentedControlView.swift */ = {isa = PBXFileReference; fileEncoding = 4; lastKnownFileType = sourcecode.swift; path = UISegmentedControlView.swift; sourceTree = "<group>"; };
		C2C971E52ADD1B3000827DA0 /* SignInVC.swift */ = {isa = PBXFileReference; lastKnownFileType = sourcecode.swift; path = SignInVC.swift; sourceTree = "<group>"; };
		C2C971E72ADD1B9400827DA0 /* s_base.swift */ = {isa = PBXFileReference; lastKnownFileType = sourcecode.swift; path = s_base.swift; sourceTree = "<group>"; };
		C2C971EA2ADD1C5600827DA0 /* RestApiObject.swift */ = {isa = PBXFileReference; lastKnownFileType = sourcecode.swift; path = RestApiObject.swift; sourceTree = "<group>"; };
		C2C971EC2ADD1F6600827DA0 /* s_color.swift */ = {isa = PBXFileReference; lastKnownFileType = sourcecode.swift; path = s_color.swift; sourceTree = "<group>"; };
		C2CF3BAE2B22FDF700843DEA /* WhGoodsDetailVC.swift */ = {isa = PBXFileReference; lastKnownFileType = sourcecode.swift; path = WhGoodsDetailVC.swift; sourceTree = "<group>"; };
		C2DF32D52AE18422002732F0 /* GoogleService-Info.plist */ = {isa = PBXFileReference; fileEncoding = 4; lastKnownFileType = text.plist.xml; path = "GoogleService-Info.plist"; sourceTree = "<group>"; };
		C2E547F02B1D639C00A19EAF /* WhGoodsUploadTC.swift */ = {isa = PBXFileReference; lastKnownFileType = sourcecode.swift; path = WhGoodsUploadTC.swift; sourceTree = "<group>"; };
		E21B292A2F387B18311F6959 /* Pods-market.debug.xcconfig */ = {isa = PBXFileReference; includeInIndex = 1; lastKnownFileType = text.xcconfig; name = "Pods-market.debug.xcconfig"; path = "Target Support Files/Pods-market/Pods-market.debug.xcconfig"; sourceTree = "<group>"; };
		F28EC4E7303736D5AA7FE6BF /* Pods_market.framework */ = {isa = PBXFileReference; explicitFileType = wrapper.framework; includeInIndex = 0; path = Pods_market.framework; sourceTree = BUILT_PRODUCTS_DIR; };
/* End PBXFileReference section */

/* Begin PBXFrameworksBuildPhase section */
		C2682EC32AD77C5000FC6099 /* Frameworks */ = {
			isa = PBXFrameworksBuildPhase;
			buildActionMask = 2147483647;
			files = (
				9C98622429C52DED8AE83733 /* Pods_market.framework in Frameworks */,
			);
			runOnlyForDeploymentPostprocessing = 0;
		};
/* End PBXFrameworksBuildPhase section */

/* Begin PBXGroup section */
		1E625EE0D94E812D322B0459 /* Pods */ = {
			isa = PBXGroup;
			children = (
				E21B292A2F387B18311F6959 /* Pods-market.debug.xcconfig */,
				3B14B2DB482A80A53873B165 /* Pods-market.release.xcconfig */,
			);
			path = Pods;
			sourceTree = "<group>";
		};
		9FD2710498D2906CF76FFE91 /* Frameworks */ = {
			isa = PBXGroup;
			children = (
				F28EC4E7303736D5AA7FE6BF /* Pods_market.framework */,
			);
			name = Frameworks;
			sourceTree = "<group>";
		};
		C218741C2B18766F0062CA4D /* Retailseller */ = {
			isa = PBXGroup;
			children = (
				C2155CD72AF0F59A008B21F2 /* ReMainTBC.swift */,
				C2155CD92AF0F612008B21F2 /* ReHomeVC.swift */,
				C20D37BF2AFB22DD00E8B7B0 /* ReGoodsTC.swift */,
				C2A654112AFB1E16009BE424 /* ReGoodsVC.swift */,
				C29292C12B2754CF00DBC9D3 /* ReGoodsFilterVC.swift */,
				C299D3552B01FC3B006FAD09 /* ReMyPageVC.swift */,
				C22B91F92AFF586B0092ACD0 /* ReGoodsDetailVC.swift */,
				C25FF24E2AFFD2F20026BB82 /* ReGoodsOptionVC.swift */,
				C278133D2B2A9556005521FD /* ReLiquidateVC.swift */,
				C24AA5BF2B3044230061B490 /* ReLiquidateDetailVC.swift */,
				C241796D2B0B47B5006497DF /* ReStoreVisitVC.swift */,
				C290705D2B05A9F60097AA74 /* ReBasketVC.swift */,
				C22D641D2B183EF900A160F3 /* ReBookMarkVC.swift */,
			);
			path = Retailseller;
			sourceTree = "<group>";
		};
		C218741D2B1876890062CA4D /* Wholesales */ = {
			isa = PBXGroup;
			children = (
				C2B2895E2B1735C90078EC6E /* WhWaitingVC.swift */,
				C2B23BF12B0C38C900C7DA5D /* WhHomeVC.swift */,
				C2E547F02B1D639C00A19EAF /* WhGoodsUploadTC.swift */,
				C2AFF0052B0DA3270014C209 /* WhGoodsUploadVC.swift */,
				C2CF3BAE2B22FDF700843DEA /* WhGoodsDetailVC.swift */,
				C2A0F7D72B24B649007442A3 /* WhGoodsTop30VC.swift */,
			);
			path = Wholesales;
			sourceTree = "<group>";
		};
		C226F3472AF3360E004DA6C8 /* font */ = {
			isa = PBXGroup;
			children = (
				C226F3482AF3361A004DA6C8 /* Cafe24SsurroundBold.otf */,
				C226F3492AF3361A004DA6C8 /* Cafe24SsurroundMedium.otf */,
			);
			path = font;
			sourceTree = "<group>";
		};
		C236CE5D2B2482F600896BC3 /* Common */ = {
			isa = PBXGroup;
			children = (
				C2B8A8DD2ADF725300BDD470 /* SplashVC.swift */,
				C2C971E52ADD1B3000827DA0 /* SignInVC.swift */,
				C2BF86492ADF970100A858A4 /* ChoiceStoreVC.swift */,
				C2BF86512ADFA4B000A858A4 /* SearchStoreVC.swift */,
				C2BF864D2ADFA3C400A858A4 /* SignUpMemberVC.swift */,
				C22A0E1E2AE7AEB900F73F7A /* SignUpRegisterVC.swift */,
				C2BF864F2ADFA3CE00A858A4 /* SignUpStoreVC.swift */,
				C22B09472AE60875005C50A7 /* ChineseBankListVC.swift */,
				C24E443A2AFC64D500885BBB /* CategoryVC.swift */,
				C201C72A2B293B3800C9442E /* ImageSlideVC.swift */,
				C2BB217F2B24C72900DE99ED /* EmployeeVC.swift */,
				C268DFC72B283C08001068B3 /* AccountVC.swift */,
				C268DFC92B283CE3001068B3 /* StoreVC.swift */,
				C21E2FFD2B285D5100FE2A16 /* MemberVC.swift */,
				C2764FF82B3270F3000AC23D /* SafariViewController.swift */,
			);
			path = Common;
			sourceTree = "<group>";
		};
		C2682EBD2AD77C5000FC6099 = {
			isa = PBXGroup;
			children = (
				C2682EC82AD77C5000FC6099 /* market */,
				C2682EC72AD77C5000FC6099 /* Products */,
				1E625EE0D94E812D322B0459 /* Pods */,
				9FD2710498D2906CF76FFE91 /* Frameworks */,
			);
			sourceTree = "<group>";
		};
		C2682EC72AD77C5000FC6099 /* Products */ = {
			isa = PBXGroup;
			children = (
				C2682EC62AD77C5000FC6099 /* market.app */,
			);
			name = Products;
			sourceTree = "<group>";
		};
		C2682EC82AD77C5000FC6099 /* market */ = {
			isa = PBXGroup;
			children = (
				C2DF32D52AE18422002732F0 /* GoogleService-Info.plist */,
				C226F3472AF3360E004DA6C8 /* font */,
				C2C971D72ADCD06500827DA0 /* customView */,
				C2C971D32ADCD03000827DA0 /* function */,
				C2C971D42ADCD03E00827DA0 /* viewController */,
				C2C971EA2ADD1C5600827DA0 /* RestApiObject.swift */,
				C290705A2B05A0740097AA74 /* RestApiPost.swift */,
				C2682EC92AD77C5000FC6099 /* AppDelegate.swift */,
				C2682ECF2AD77C5000FC6099 /* Main.storyboard */,
				C2682ED22AD77C5100FC6099 /* Assets.xcassets */,
				C2682ED72AD77C5100FC6099 /* Info.plist */,
				C24AF15A2B200A710032EC04 /* Localizable.strings */,
			);
			path = market;
			sourceTree = "<group>";
		};
		C2C971D32ADCD03000827DA0 /* function */ = {
			isa = PBXGroup;
			children = (
				C2C971E72ADD1B9400827DA0 /* s_base.swift */,
				C2C971EC2ADD1F6600827DA0 /* s_color.swift */,
				C22A0E1A2AE75DE100F73F7A /* s_device.swift */,
				C2BF864B2ADFA25E00A858A4 /* s_image.swift */,
				C27DD9DB2ADE2CDE00997D7D /* s_keyboard.swift */,
				C22A0E202AE7BA9300F73F7A /* s_mimetype.swift */,
				C2C971DC2ADCD0E100827DA0 /* s_noticeAlert.swift */,
				C25B23682AE0D0CA00AA3A30 /* s_regularExpression.swift */,
				C27DD9D92ADE149400997D7D /* s_text.swift */,
				C22A0E1C2AE7A89D00F73F7A /* s_time.swift */,
				C2C971DA2ADCD0AA00827DA0 /* s_vcDelegate.swift */,
				C2C971D82ADCD09600827DA0 /* s_vcNavigate.swift */,
			);
			path = function;
			sourceTree = "<group>";
		};
		C2C971D42ADCD03E00827DA0 /* viewController */ = {
			isa = PBXGroup;
			children = (
				C236CE5D2B2482F600896BC3 /* Common */,
				C218741C2B18766F0062CA4D /* Retailseller */,
				C218741D2B1876890062CA4D /* Wholesales */,
			);
			path = viewController;
			sourceTree = "<group>";
		};
		C2C971D72ADCD06500827DA0 /* customView */ = {
			isa = PBXGroup;
			children = (
				C2C971E02ADD067200827DA0 /* UIBaseView.swift */,
				C2C971DF2ADD067200827DA0 /* UICustomSegmentedControl.swift */,
				C226F3452AF33452004DA6C8 /* UIGradientView.swift */,
				C2C971E12ADD067200827DA0 /* UISegmentedControlView.swift */,
			);
			path = customView;
			sourceTree = "<group>";
		};
/* End PBXGroup section */

/* Begin PBXNativeTarget section */
		C2682EC52AD77C5000FC6099 /* market */ = {
			isa = PBXNativeTarget;
			buildConfigurationList = C2682EDA2AD77C5100FC6099 /* Build configuration list for PBXNativeTarget "market" */;
			buildPhases = (
				4A275733CD5055FF89E5E84A /* [CP] Check Pods Manifest.lock */,
				C2682EC22AD77C5000FC6099 /* Sources */,
				C2682EC32AD77C5000FC6099 /* Frameworks */,
				C2682EC42AD77C5000FC6099 /* Resources */,
				EBAF35ACE5E1842CEECFDB02 /* [CP] Embed Pods Frameworks */,
			);
			buildRules = (
			);
			dependencies = (
			);
			name = market;
			productName = market;
			productReference = C2682EC62AD77C5000FC6099 /* market.app */;
			productType = "com.apple.product-type.application";
		};
/* End PBXNativeTarget section */

/* Begin PBXProject section */
		C2682EBE2AD77C5000FC6099 /* Project object */ = {
			isa = PBXProject;
			attributes = {
				BuildIndependentTargetsInParallel = 1;
				LastSwiftUpdateCheck = 1500;
				LastUpgradeCheck = 1500;
				TargetAttributes = {
					C2682EC52AD77C5000FC6099 = {
						CreatedOnToolsVersion = 15.0;
					};
				};
			};
			buildConfigurationList = C2682EC12AD77C5000FC6099 /* Build configuration list for PBXProject "market" */;
			compatibilityVersion = "Xcode 14.0";
			developmentRegion = en;
			hasScannedForEncodings = 0;
			knownRegions = (
				en,
				Base,
				ko,
				"zh-Hans",
			);
			mainGroup = C2682EBD2AD77C5000FC6099;
			productRefGroup = C2682EC72AD77C5000FC6099 /* Products */;
			projectDirPath = "";
			projectRoot = "";
			targets = (
				C2682EC52AD77C5000FC6099 /* market */,
			);
		};
/* End PBXProject section */

/* Begin PBXResourcesBuildPhase section */
		C2682EC42AD77C5000FC6099 /* Resources */ = {
			isa = PBXResourcesBuildPhase;
			buildActionMask = 2147483647;
			files = (
				C2682ED32AD77C5100FC6099 /* Assets.xcassets in Resources */,
				C24AF1582B200A710032EC04 /* Localizable.strings in Resources */,
				C226F34B2AF3361A004DA6C8 /* Cafe24SsurroundMedium.otf in Resources */,
				C226F34A2AF3361A004DA6C8 /* Cafe24SsurroundBold.otf in Resources */,
				C2682ED12AD77C5000FC6099 /* Main.storyboard in Resources */,
				C2DF32D62AE18422002732F0 /* GoogleService-Info.plist in Resources */,
			);
			runOnlyForDeploymentPostprocessing = 0;
		};
/* End PBXResourcesBuildPhase section */

/* Begin PBXShellScriptBuildPhase section */
		4A275733CD5055FF89E5E84A /* [CP] Check Pods Manifest.lock */ = {
			isa = PBXShellScriptBuildPhase;
			buildActionMask = 2147483647;
			files = (
			);
			inputFileListPaths = (
			);
			inputPaths = (
				"${PODS_PODFILE_DIR_PATH}/Podfile.lock",
				"${PODS_ROOT}/Manifest.lock",
			);
			name = "[CP] Check Pods Manifest.lock";
			outputFileListPaths = (
			);
			outputPaths = (
				"$(DERIVED_FILE_DIR)/Pods-market-checkManifestLockResult.txt",
			);
			runOnlyForDeploymentPostprocessing = 0;
			shellPath = /bin/sh;
			shellScript = "diff \"${PODS_PODFILE_DIR_PATH}/Podfile.lock\" \"${PODS_ROOT}/Manifest.lock\" > /dev/null\nif [ $? != 0 ] ; then\n    # print error to STDERR\n    echo \"error: The sandbox is not in sync with the Podfile.lock. Run 'pod install' or update your CocoaPods installation.\" >&2\n    exit 1\nfi\n# This output is used by Xcode 'outputs' to avoid re-running this script phase.\necho \"SUCCESS\" > \"${SCRIPT_OUTPUT_FILE_0}\"\n";
			showEnvVarsInLog = 0;
		};
		EBAF35ACE5E1842CEECFDB02 /* [CP] Embed Pods Frameworks */ = {
			isa = PBXShellScriptBuildPhase;
			buildActionMask = 2147483647;
			files = (
			);
			inputFileListPaths = (
				"${PODS_ROOT}/Target Support Files/Pods-market/Pods-market-frameworks-${CONFIGURATION}-input-files.xcfilelist",
			);
			name = "[CP] Embed Pods Frameworks";
			outputFileListPaths = (
				"${PODS_ROOT}/Target Support Files/Pods-market/Pods-market-frameworks-${CONFIGURATION}-output-files.xcfilelist",
			);
			runOnlyForDeploymentPostprocessing = 0;
			shellPath = /bin/sh;
			shellScript = "\"${PODS_ROOT}/Target Support Files/Pods-market/Pods-market-frameworks.sh\"\n";
			showEnvVarsInLog = 0;
		};
/* End PBXShellScriptBuildPhase section */

/* Begin PBXSourcesBuildPhase section */
		C2682EC22AD77C5000FC6099 /* Sources */ = {
			isa = PBXSourcesBuildPhase;
			buildActionMask = 2147483647;
			files = (
				C2B23BF22B0C38C900C7DA5D /* WhHomeVC.swift in Sources */,
				C24AA5C02B3044230061B490 /* ReLiquidateDetailVC.swift in Sources */,
				C2C971D92ADCD09600827DA0 /* s_vcNavigate.swift in Sources */,
				C2C971E42ADD067200827DA0 /* UISegmentedControlView.swift in Sources */,
				C2C971E62ADD1B3000827DA0 /* SignInVC.swift in Sources */,
				C2A654122AFB1E16009BE424 /* ReGoodsVC.swift in Sources */,
				C20D37C02AFB22DD00E8B7B0 /* ReGoodsTC.swift in Sources */,
				C2764FF92B3270F3000AC23D /* SafariViewController.swift in Sources */,
				C2C971DB2ADCD0AA00827DA0 /* s_vcDelegate.swift in Sources */,
				C25B23692AE0D0CA00AA3A30 /* s_regularExpression.swift in Sources */,
				C2155CD82AF0F59A008B21F2 /* ReMainTBC.swift in Sources */,
				C290705B2B05A0740097AA74 /* RestApiPost.swift in Sources */,
				C22B09482AE60875005C50A7 /* ChineseBankListVC.swift in Sources */,
				C2BB21802B24C72900DE99ED /* EmployeeVC.swift in Sources */,
				C2BF864E2ADFA3C500A858A4 /* SignUpMemberVC.swift in Sources */,
				C2C971DD2ADCD0E100827DA0 /* s_noticeAlert.swift in Sources */,
				C22A0E1D2AE7A89D00F73F7A /* s_time.swift in Sources */,
				C2C971E22ADD067200827DA0 /* UICustomSegmentedControl.swift in Sources */,
				C268DFCA2B283CE3001068B3 /* StoreVC.swift in Sources */,
				C22A0E212AE7BA9300F73F7A /* s_mimetype.swift in Sources */,
				C22A0E1F2AE7AEB900F73F7A /* SignUpRegisterVC.swift in Sources */,
				C22A0E1B2AE75DE100F73F7A /* s_device.swift in Sources */,
				C2CF3BAF2B22FDF700843DEA /* WhGoodsDetailVC.swift in Sources */,
				C2AFF0062B0DA3270014C209 /* WhGoodsUploadVC.swift in Sources */,
				C299D3562B01FC3B006FAD09 /* ReMyPageVC.swift in Sources */,
				C27DD9DC2ADE2CDE00997D7D /* s_keyboard.swift in Sources */,
				C2B8A8DE2ADF725300BDD470 /* SplashVC.swift in Sources */,
				C278133E2B2A9556005521FD /* ReLiquidateVC.swift in Sources */,
				C2BF864A2ADF970100A858A4 /* ChoiceStoreVC.swift in Sources */,
				C2E547F12B1D639C00A19EAF /* WhGoodsUploadTC.swift in Sources */,
				C2B2895F2B1735C90078EC6E /* WhWaitingVC.swift in Sources */,
				C22D641E2B183EF900A160F3 /* ReBookMarkVC.swift in Sources */,
				C2C971E82ADD1B9400827DA0 /* s_base.swift in Sources */,
				C22B91FA2AFF586B0092ACD0 /* ReGoodsDetailVC.swift in Sources */,
				C2155CDA2AF0F612008B21F2 /* ReHomeVC.swift in Sources */,
				C29292C22B2754CF00DBC9D3 /* ReGoodsFilterVC.swift in Sources */,
				C2682ECA2AD77C5000FC6099 /* AppDelegate.swift in Sources */,
				C25FF24F2AFFD2F20026BB82 /* ReGoodsOptionVC.swift in Sources */,
				C268DFC82B283C08001068B3 /* AccountVC.swift in Sources */,
				C21E2FFE2B285D5100FE2A16 /* MemberVC.swift in Sources */,
				C241796E2B0B47B5006497DF /* ReStoreVisitVC.swift in Sources */,
				C201C72B2B293B3800C9442E /* ImageSlideVC.swift in Sources */,
				C2A0F7D82B24B649007442A3 /* WhGoodsTop30VC.swift in Sources */,
				C2C971ED2ADD1F6600827DA0 /* s_color.swift in Sources */,
				C2C971E32ADD067200827DA0 /* UIBaseView.swift in Sources */,
				C226F3462AF33453004DA6C8 /* UIGradientView.swift in Sources */,
				C2BF864C2ADFA25E00A858A4 /* s_image.swift in Sources */,
				C27DD9DA2ADE149400997D7D /* s_text.swift in Sources */,
				C2BF86522ADFA4B000A858A4 /* SearchStoreVC.swift in Sources */,
				C24E443B2AFC64D500885BBB /* CategoryVC.swift in Sources */,
				C2BF86502ADFA3CE00A858A4 /* SignUpStoreVC.swift in Sources */,
				C290705E2B05A9F60097AA74 /* ReBasketVC.swift in Sources */,
				C2C971EB2ADD1C5600827DA0 /* RestApiObject.swift in Sources */,
			);
			runOnlyForDeploymentPostprocessing = 0;
		};
/* End PBXSourcesBuildPhase section */

/* Begin PBXVariantGroup section */
		C24AF15A2B200A710032EC04 /* Localizable.strings */ = {
			isa = PBXVariantGroup;
			children = (
				C24AF1592B200A710032EC04 /* en */,
				C24AF15B2B200A900032EC04 /* ko */,
				C24AF15C2B200BD30032EC04 /* zh-Hans */,
			);
			name = Localizable.strings;
			sourceTree = "<group>";
		};
		C2682ECF2AD77C5000FC6099 /* Main.storyboard */ = {
			isa = PBXVariantGroup;
			children = (
				C2682ED02AD77C5000FC6099 /* Base */,
			);
			name = Main.storyboard;
			sourceTree = "<group>";
		};
/* End PBXVariantGroup section */

/* Begin XCBuildConfiguration section */
		C2682ED82AD77C5100FC6099 /* Debug */ = {
			isa = XCBuildConfiguration;
			buildSettings = {
				ALWAYS_SEARCH_USER_PATHS = NO;
				ASSETCATALOG_COMPILER_GENERATE_SWIFT_ASSET_SYMBOL_EXTENSIONS = YES;
				CLANG_ANALYZER_LOCALIZABILITY_NONLOCALIZED = YES;
				CLANG_ANALYZER_NONNULL = YES;
				CLANG_ANALYZER_NUMBER_OBJECT_CONVERSION = YES_AGGRESSIVE;
				CLANG_CXX_LANGUAGE_STANDARD = "gnu++20";
				CLANG_ENABLE_MODULES = YES;
				CLANG_ENABLE_OBJC_ARC = YES;
				CLANG_ENABLE_OBJC_WEAK = YES;
				CLANG_WARN_BLOCK_CAPTURE_AUTORELEASING = YES;
				CLANG_WARN_BOOL_CONVERSION = YES;
				CLANG_WARN_COMMA = YES;
				CLANG_WARN_CONSTANT_CONVERSION = YES;
				CLANG_WARN_DEPRECATED_OBJC_IMPLEMENTATIONS = YES;
				CLANG_WARN_DIRECT_OBJC_ISA_USAGE = YES_ERROR;
				CLANG_WARN_DOCUMENTATION_COMMENTS = YES;
				CLANG_WARN_EMPTY_BODY = YES;
				CLANG_WARN_ENUM_CONVERSION = YES;
				CLANG_WARN_INFINITE_RECURSION = YES;
				CLANG_WARN_INT_CONVERSION = YES;
				CLANG_WARN_NON_LITERAL_NULL_CONVERSION = YES;
				CLANG_WARN_OBJC_IMPLICIT_RETAIN_SELF = YES;
				CLANG_WARN_OBJC_LITERAL_CONVERSION = YES;
				CLANG_WARN_OBJC_ROOT_CLASS = YES_ERROR;
				CLANG_WARN_QUOTED_INCLUDE_IN_FRAMEWORK_HEADER = YES;
				CLANG_WARN_RANGE_LOOP_ANALYSIS = YES;
				CLANG_WARN_STRICT_PROTOTYPES = YES;
				CLANG_WARN_SUSPICIOUS_MOVE = YES;
				CLANG_WARN_UNGUARDED_AVAILABILITY = YES_AGGRESSIVE;
				CLANG_WARN_UNREACHABLE_CODE = YES;
				CLANG_WARN__DUPLICATE_METHOD_MATCH = YES;
				COPY_PHASE_STRIP = NO;
				DEBUG_INFORMATION_FORMAT = dwarf;
				ENABLE_STRICT_OBJC_MSGSEND = YES;
				ENABLE_TESTABILITY = YES;
				ENABLE_USER_SCRIPT_SANDBOXING = YES;
				GCC_C_LANGUAGE_STANDARD = gnu17;
				GCC_DYNAMIC_NO_PIC = NO;
				GCC_NO_COMMON_BLOCKS = YES;
				GCC_OPTIMIZATION_LEVEL = 0;
				GCC_PREPROCESSOR_DEFINITIONS = (
					"DEBUG=1",
					"$(inherited)",
				);
				GCC_WARN_64_TO_32_BIT_CONVERSION = YES;
				GCC_WARN_ABOUT_RETURN_TYPE = YES_ERROR;
				GCC_WARN_UNDECLARED_SELECTOR = YES;
				GCC_WARN_UNINITIALIZED_AUTOS = YES_AGGRESSIVE;
				GCC_WARN_UNUSED_FUNCTION = YES;
				GCC_WARN_UNUSED_VARIABLE = YES;
				IPHONEOS_DEPLOYMENT_TARGET = 17.0;
				LOCALIZATION_PREFERS_STRING_CATALOGS = YES;
				MTL_ENABLE_DEBUG_INFO = INCLUDE_SOURCE;
				MTL_FAST_MATH = YES;
				ONLY_ACTIVE_ARCH = YES;
				SDKROOT = iphoneos;
				SWIFT_ACTIVE_COMPILATION_CONDITIONS = "DEBUG $(inherited)";
				SWIFT_OPTIMIZATION_LEVEL = "-Onone";
			};
			name = Debug;
		};
		C2682ED92AD77C5100FC6099 /* Release */ = {
			isa = XCBuildConfiguration;
			buildSettings = {
				ALWAYS_SEARCH_USER_PATHS = NO;
				ASSETCATALOG_COMPILER_GENERATE_SWIFT_ASSET_SYMBOL_EXTENSIONS = YES;
				CLANG_ANALYZER_LOCALIZABILITY_NONLOCALIZED = YES;
				CLANG_ANALYZER_NONNULL = YES;
				CLANG_ANALYZER_NUMBER_OBJECT_CONVERSION = YES_AGGRESSIVE;
				CLANG_CXX_LANGUAGE_STANDARD = "gnu++20";
				CLANG_ENABLE_MODULES = YES;
				CLANG_ENABLE_OBJC_ARC = YES;
				CLANG_ENABLE_OBJC_WEAK = YES;
				CLANG_WARN_BLOCK_CAPTURE_AUTORELEASING = YES;
				CLANG_WARN_BOOL_CONVERSION = YES;
				CLANG_WARN_COMMA = YES;
				CLANG_WARN_CONSTANT_CONVERSION = YES;
				CLANG_WARN_DEPRECATED_OBJC_IMPLEMENTATIONS = YES;
				CLANG_WARN_DIRECT_OBJC_ISA_USAGE = YES_ERROR;
				CLANG_WARN_DOCUMENTATION_COMMENTS = YES;
				CLANG_WARN_EMPTY_BODY = YES;
				CLANG_WARN_ENUM_CONVERSION = YES;
				CLANG_WARN_INFINITE_RECURSION = YES;
				CLANG_WARN_INT_CONVERSION = YES;
				CLANG_WARN_NON_LITERAL_NULL_CONVERSION = YES;
				CLANG_WARN_OBJC_IMPLICIT_RETAIN_SELF = YES;
				CLANG_WARN_OBJC_LITERAL_CONVERSION = YES;
				CLANG_WARN_OBJC_ROOT_CLASS = YES_ERROR;
				CLANG_WARN_QUOTED_INCLUDE_IN_FRAMEWORK_HEADER = YES;
				CLANG_WARN_RANGE_LOOP_ANALYSIS = YES;
				CLANG_WARN_STRICT_PROTOTYPES = YES;
				CLANG_WARN_SUSPICIOUS_MOVE = YES;
				CLANG_WARN_UNGUARDED_AVAILABILITY = YES_AGGRESSIVE;
				CLANG_WARN_UNREACHABLE_CODE = YES;
				CLANG_WARN__DUPLICATE_METHOD_MATCH = YES;
				COPY_PHASE_STRIP = NO;
				DEBUG_INFORMATION_FORMAT = "dwarf-with-dsym";
				ENABLE_NS_ASSERTIONS = NO;
				ENABLE_STRICT_OBJC_MSGSEND = YES;
				ENABLE_USER_SCRIPT_SANDBOXING = YES;
				GCC_C_LANGUAGE_STANDARD = gnu17;
				GCC_NO_COMMON_BLOCKS = YES;
				GCC_WARN_64_TO_32_BIT_CONVERSION = YES;
				GCC_WARN_ABOUT_RETURN_TYPE = YES_ERROR;
				GCC_WARN_UNDECLARED_SELECTOR = YES;
				GCC_WARN_UNINITIALIZED_AUTOS = YES_AGGRESSIVE;
				GCC_WARN_UNUSED_FUNCTION = YES;
				GCC_WARN_UNUSED_VARIABLE = YES;
				IPHONEOS_DEPLOYMENT_TARGET = 17.0;
				LOCALIZATION_PREFERS_STRING_CATALOGS = YES;
				MTL_ENABLE_DEBUG_INFO = NO;
				MTL_FAST_MATH = YES;
				SDKROOT = iphoneos;
				SWIFT_COMPILATION_MODE = wholemodule;
				VALIDATE_PRODUCT = YES;
			};
			name = Release;
		};
		C2682EDB2AD77C5100FC6099 /* Debug */ = {
			isa = XCBuildConfiguration;
			baseConfigurationReference = E21B292A2F387B18311F6959 /* Pods-market.debug.xcconfig */;
			buildSettings = {
				ASSETCATALOG_COMPILER_APPICON_NAME = AppIcon;
				ASSETCATALOG_COMPILER_GLOBAL_ACCENT_COLOR_NAME = AccentColor;
				CODE_SIGN_STYLE = Automatic;
				CURRENT_PROJECT_VERSION = 1;
				DEVELOPMENT_TEAM = KBW62JWGK2;
				ENABLE_USER_SCRIPT_SANDBOXING = NO;
				GENERATE_INFOPLIST_FILE = YES;
				INFOPLIST_FILE = market/Info.plist;
				INFOPLIST_KEY_CFBundleDisplayName = CHIKO;
				INFOPLIST_KEY_LSApplicationCategoryType = "public.app-category.lifestyle";
				INFOPLIST_KEY_NSCameraUsageDescription = "사진을 찍으려면, 카메라 권한을 허용해 주세요.";
				INFOPLIST_KEY_NSPhotoLibraryAddUsageDescription = "이미지를 가져오려면, 사진 접근 권한을 허용해 주세요.";
				INFOPLIST_KEY_NSPhotoLibraryUsageDescription = "이미지를 가져오려면, 사진 접근 권한을 허용해 주세요.";
				INFOPLIST_KEY_UIApplicationSupportsIndirectInputEvents = YES;
				INFOPLIST_KEY_UILaunchStoryboardName = Main.storyboard;
				INFOPLIST_KEY_UIMainStoryboardFile = Main;
				INFOPLIST_KEY_UISupportedInterfaceOrientations = UIInterfaceOrientationPortrait;
				IPHONEOS_DEPLOYMENT_TARGET = 12.0;
				LD_RUNPATH_SEARCH_PATHS = (
					"$(inherited)",
					"@executable_path/Frameworks",
				);
				MARKETING_VERSION = 1.0;
				PRODUCT_BUNDLE_IDENTIFIER = com.blink.dk.market2;
				PRODUCT_NAME = "$(TARGET_NAME)";
				SUPPORTED_PLATFORMS = "iphoneos iphonesimulator";
				SUPPORTS_MACCATALYST = NO;
				SUPPORTS_MAC_DESIGNED_FOR_IPHONE_IPAD = YES;
				SWIFT_EMIT_LOC_STRINGS = YES;
				SWIFT_VERSION = 5.0;
				TARGETED_DEVICE_FAMILY = 1;
			};
			name = Debug;
		};
		C2682EDC2AD77C5100FC6099 /* Release */ = {
			isa = XCBuildConfiguration;
			baseConfigurationReference = 3B14B2DB482A80A53873B165 /* Pods-market.release.xcconfig */;
			buildSettings = {
				ASSETCATALOG_COMPILER_APPICON_NAME = AppIcon;
				ASSETCATALOG_COMPILER_GLOBAL_ACCENT_COLOR_NAME = AccentColor;
				CODE_SIGN_STYLE = Automatic;
				CURRENT_PROJECT_VERSION = 1;
				DEVELOPMENT_TEAM = KBW62JWGK2;
				ENABLE_USER_SCRIPT_SANDBOXING = NO;
				GENERATE_INFOPLIST_FILE = YES;
				INFOPLIST_FILE = market/Info.plist;
				INFOPLIST_KEY_CFBundleDisplayName = CHIKO;
				INFOPLIST_KEY_LSApplicationCategoryType = "public.app-category.lifestyle";
				INFOPLIST_KEY_NSCameraUsageDescription = "사진을 찍으려면, 카메라 권한을 허용해 주세요.";
				INFOPLIST_KEY_NSPhotoLibraryAddUsageDescription = "이미지를 가져오려면, 사진 접근 권한을 허용해 주세요.";
				INFOPLIST_KEY_NSPhotoLibraryUsageDescription = "이미지를 가져오려면, 사진 접근 권한을 허용해 주세요.";
				INFOPLIST_KEY_UIApplicationSupportsIndirectInputEvents = YES;
				INFOPLIST_KEY_UILaunchStoryboardName = Main.storyboard;
				INFOPLIST_KEY_UIMainStoryboardFile = Main;
				INFOPLIST_KEY_UISupportedInterfaceOrientations = UIInterfaceOrientationPortrait;
				IPHONEOS_DEPLOYMENT_TARGET = 12.0;
				LD_RUNPATH_SEARCH_PATHS = (
					"$(inherited)",
					"@executable_path/Frameworks",
				);
				MARKETING_VERSION = 1.0;
				PRODUCT_BUNDLE_IDENTIFIER = com.blink.dk.market2;
				PRODUCT_NAME = "$(TARGET_NAME)";
				SUPPORTED_PLATFORMS = "iphoneos iphonesimulator";
				SUPPORTS_MACCATALYST = NO;
				SUPPORTS_MAC_DESIGNED_FOR_IPHONE_IPAD = YES;
				SWIFT_EMIT_LOC_STRINGS = YES;
				SWIFT_VERSION = 5.0;
				TARGETED_DEVICE_FAMILY = 1;
			};
			name = Release;
		};
/* End XCBuildConfiguration section */

/* Begin XCConfigurationList section */
		C2682EC12AD77C5000FC6099 /* Build configuration list for PBXProject "market" */ = {
			isa = XCConfigurationList;
			buildConfigurations = (
				C2682ED82AD77C5100FC6099 /* Debug */,
				C2682ED92AD77C5100FC6099 /* Release */,
			);
			defaultConfigurationIsVisible = 0;
			defaultConfigurationName = Release;
		};
		C2682EDA2AD77C5100FC6099 /* Build configuration list for PBXNativeTarget "market" */ = {
			isa = XCConfigurationList;
			buildConfigurations = (
				C2682EDB2AD77C5100FC6099 /* Debug */,
				C2682EDC2AD77C5100FC6099 /* Release */,
			);
			defaultConfigurationIsVisible = 0;
			defaultConfigurationName = Release;
		};
/* End XCConfigurationList section */
	};
	rootObject = C2682EBE2AD77C5000FC6099 /* Project object */;
}
